
Microsoft Visual Studio Solution File, Format Version 12.00
# Visual Studio 15
VisualStudioVersion = 15.0.27703.2035
MinimumVisualStudioVersion = 10.0.40219.1
Project("{FAE04EC0-301F-11D3-BF4B-00C04F79EFBC}") = "FlutterwaveTechnicalHeroes", "FlutterwaveTechnicalHeroes\FlutterwaveTechnicalHeroes.csproj", "{DFF8CE7D-1487-4EC7-9A0A-847704F9C88A}"
EndProject
Global
	GlobalSection(SolutionConfigurationPlatforms) = preSolution
		Debug|Any CPU = Debug|Any CPU
		Release|Any CPU = Release|Any CPU
	EndGlobalSection
	GlobalSection(ProjectConfigurationPlatforms) = postSolution
		{DFF8CE7D-1487-4EC7-9A0A-847704F9C88A}.Debug|Any CPU.ActiveCfg = Debug|Any CPU
		{DFF8CE7D-1487-4EC7-9A0A-847704F9C88A}.Debug|Any CPU.Build.0 = Debug|Any CPU
		{DFF8CE7D-1487-4EC7-9A0A-847704F9C88A}.Release|Any CPU.ActiveCfg = Release|Any CPU
		{DFF8CE7D-1487-4EC7-9A0A-847704F9C88A}.Release|Any CPU.Build.0 = Release|Any CPU
	EndGlobalSection
	GlobalSection(SolutionProperties) = preSolution
		HideSolutionNode = FALSE
	EndGlobalSection
	GlobalSection(ExtensibilityGlobals) = postSolution
		SolutionGuid = {2E83CB7E-E484-49C3-9DEC-3158C88003C5}
	EndGlobalSection
EndGlobal
